
Microsoft Visual Studio Solution File, Format Version 12.00
# Visual Studio Version 17
VisualStudioVersion = 17.0.31903.59
MinimumVisualStudioVersion = 10.0.40219.1
Project("{FAE04EC0-301F-11D3-BF4B-00C04F79EFBC}") = "SteamAchievements.Core", "SteamAchievements.Core\SteamAchievements.Core.csproj", "{47A47DA5-99E6-4C2D-AE15-23BC75598F33}"
EndProject
Project("{FAE04EC0-301F-11D3-BF4B-00C04F79EFBC}") = "SteamAchievements.Core.Tests", "SteamAchievements.Core.Tests\SteamAchievements.Core.Tests.csproj", "{0FBD43B4-BAC9-4423-A216-799C113C51B1}"
EndProject
Project("{FAE04EC0-301F-11D3-BF4B-00C04F79EFBC}") = "SteamAchievements.UI", "SteamAchievements.UI\SteamAchievements.UI.csproj", "{0227C98A-2A98-497D-AA5C-24EF8D94151F}"
EndProject
Project("{FAE04EC0-301F-11D3-BF4B-00C04F79EFBC}") = "SteamAchievements.Windows", "SteamAchievements.Windows\SteamAchievements.Windows.csproj", "{4A9AC8B9-0667-4AD1-AAC9-1FD1298BC67B}"
EndProject
Project("{FAE04EC0-301F-11D3-BF4B-00C04F79EFBC}") = "SteamAchievements.Preview", "SteamAchievements.Preview\SteamAchievements.Preview.csproj", "{48DB6902-72FF-4290-B5FB-6F1F02138B76}"
Project("{FAE04EC0-301F-11D3-BF4B-00C04F79EFBC}") = "SteamAchievements.Cli", "SteamAchievements.Cli\SteamAchievements.Cli.csproj", "{5D1EB01A-B965-423F-9EA9-05F5FFDA9741}"
EndProject
Global
	GlobalSection(SolutionConfigurationPlatforms) = preSolution
		Debug|Any CPU = Debug|Any CPU
		Debug|x64 = Debug|x64
		Debug|x86 = Debug|x86
		Release|Any CPU = Release|Any CPU
		Release|x64 = Release|x64
		Release|x86 = Release|x86
	EndGlobalSection
	GlobalSection(ProjectConfigurationPlatforms) = postSolution
		{47A47DA5-99E6-4C2D-AE15-23BC75598F33}.Debug|Any CPU.ActiveCfg = Debug|Any CPU
		{47A47DA5-99E6-4C2D-AE15-23BC75598F33}.Debug|Any CPU.Build.0 = Debug|Any CPU
		{47A47DA5-99E6-4C2D-AE15-23BC75598F33}.Debug|x64.ActiveCfg = Debug|Any CPU
		{47A47DA5-99E6-4C2D-AE15-23BC75598F33}.Debug|x64.Build.0 = Debug|Any CPU
		{47A47DA5-99E6-4C2D-AE15-23BC75598F33}.Debug|x86.ActiveCfg = Debug|Any CPU
		{47A47DA5-99E6-4C2D-AE15-23BC75598F33}.Debug|x86.Build.0 = Debug|Any CPU
		{47A47DA5-99E6-4C2D-AE15-23BC75598F33}.Release|Any CPU.ActiveCfg = Release|Any CPU
		{47A47DA5-99E6-4C2D-AE15-23BC75598F33}.Release|Any CPU.Build.0 = Release|Any CPU
		{47A47DA5-99E6-4C2D-AE15-23BC75598F33}.Release|x64.ActiveCfg = Release|Any CPU
		{47A47DA5-99E6-4C2D-AE15-23BC75598F33}.Release|x64.Build.0 = Release|Any CPU
		{47A47DA5-99E6-4C2D-AE15-23BC75598F33}.Release|x86.ActiveCfg = Release|Any CPU
		{47A47DA5-99E6-4C2D-AE15-23BC75598F33}.Release|x86.Build.0 = Release|Any CPU
		{0FBD43B4-BAC9-4423-A216-799C113C51B1}.Debug|Any CPU.ActiveCfg = Debug|Any CPU
		{0FBD43B4-BAC9-4423-A216-799C113C51B1}.Debug|Any CPU.Build.0 = Debug|Any CPU
		{0FBD43B4-BAC9-4423-A216-799C113C51B1}.Debug|x64.ActiveCfg = Debug|Any CPU
		{0FBD43B4-BAC9-4423-A216-799C113C51B1}.Debug|x64.Build.0 = Debug|Any CPU
		{0FBD43B4-BAC9-4423-A216-799C113C51B1}.Debug|x86.ActiveCfg = Debug|Any CPU
		{0FBD43B4-BAC9-4423-A216-799C113C51B1}.Debug|x86.Build.0 = Debug|Any CPU
		{0FBD43B4-BAC9-4423-A216-799C113C51B1}.Release|Any CPU.ActiveCfg = Release|Any CPU
		{0FBD43B4-BAC9-4423-A216-799C113C51B1}.Release|Any CPU.Build.0 = Release|Any CPU
		{0FBD43B4-BAC9-4423-A216-799C113C51B1}.Release|x64.ActiveCfg = Release|Any CPU
		{0FBD43B4-BAC9-4423-A216-799C113C51B1}.Release|x64.Build.0 = Release|Any CPU
		{0FBD43B4-BAC9-4423-A216-799C113C51B1}.Release|x86.ActiveCfg = Release|Any CPU
		{0FBD43B4-BAC9-4423-A216-799C113C51B1}.Release|x86.Build.0 = Release|Any CPU
		{0227C98A-2A98-497D-AA5C-24EF8D94151F}.Debug|Any CPU.ActiveCfg = Debug|Any CPU
		{0227C98A-2A98-497D-AA5C-24EF8D94151F}.Debug|Any CPU.Build.0 = Debug|Any CPU
		{0227C98A-2A98-497D-AA5C-24EF8D94151F}.Debug|x64.ActiveCfg = Debug|Any CPU
		{0227C98A-2A98-497D-AA5C-24EF8D94151F}.Debug|x64.Build.0 = Debug|Any CPU
		{0227C98A-2A98-497D-AA5C-24EF8D94151F}.Debug|x86.ActiveCfg = Debug|Any CPU
		{0227C98A-2A98-497D-AA5C-24EF8D94151F}.Debug|x86.Build.0 = Debug|Any CPU
		{0227C98A-2A98-497D-AA5C-24EF8D94151F}.Release|Any CPU.ActiveCfg = Release|Any CPU
		{0227C98A-2A98-497D-AA5C-24EF8D94151F}.Release|Any CPU.Build.0 = Release|Any CPU
		{0227C98A-2A98-497D-AA5C-24EF8D94151F}.Release|x64.ActiveCfg = Release|Any CPU
		{0227C98A-2A98-497D-AA5C-24EF8D94151F}.Release|x64.Build.0 = Release|Any CPU
		{0227C98A-2A98-497D-AA5C-24EF8D94151F}.Release|x86.ActiveCfg = Release|Any CPU
		{0227C98A-2A98-497D-AA5C-24EF8D94151F}.Release|x86.Build.0 = Release|Any CPU
		{4A9AC8B9-0667-4AD1-AAC9-1FD1298BC67B}.Debug|Any CPU.ActiveCfg = Debug|Any CPU
		{4A9AC8B9-0667-4AD1-AAC9-1FD1298BC67B}.Debug|Any CPU.Build.0 = Debug|Any CPU
		{4A9AC8B9-0667-4AD1-AAC9-1FD1298BC67B}.Debug|x64.ActiveCfg = Debug|Any CPU
		{4A9AC8B9-0667-4AD1-AAC9-1FD1298BC67B}.Debug|x64.Build.0 = Debug|Any CPU
		{4A9AC8B9-0667-4AD1-AAC9-1FD1298BC67B}.Debug|x86.ActiveCfg = Debug|Any CPU
		{4A9AC8B9-0667-4AD1-AAC9-1FD1298BC67B}.Debug|x86.Build.0 = Debug|Any CPU
		{4A9AC8B9-0667-4AD1-AAC9-1FD1298BC67B}.Release|Any CPU.ActiveCfg = Release|Any CPU
		{4A9AC8B9-0667-4AD1-AAC9-1FD1298BC67B}.Release|Any CPU.Build.0 = Release|Any CPU
		{4A9AC8B9-0667-4AD1-AAC9-1FD1298BC67B}.Release|x64.ActiveCfg = Release|Any CPU
		{4A9AC8B9-0667-4AD1-AAC9-1FD1298BC67B}.Release|x64.Build.0 = Release|Any CPU
		{4A9AC8B9-0667-4AD1-AAC9-1FD1298BC67B}.Release|x86.ActiveCfg = Release|Any CPU
		{4A9AC8B9-0667-4AD1-AAC9-1FD1298BC67B}.Release|x86.Build.0 = Release|Any CPU
		{48DB6902-72FF-4290-B5FB-6F1F02138B76}.Debug|Any CPU.ActiveCfg = Debug|Any CPU
		{48DB6902-72FF-4290-B5FB-6F1F02138B76}.Debug|Any CPU.Build.0 = Debug|Any CPU
		{48DB6902-72FF-4290-B5FB-6F1F02138B76}.Debug|x64.ActiveCfg = Debug|Any CPU
		{48DB6902-72FF-4290-B5FB-6F1F02138B76}.Debug|x64.Build.0 = Debug|Any CPU
		{48DB6902-72FF-4290-B5FB-6F1F02138B76}.Debug|x86.ActiveCfg = Debug|Any CPU
		{48DB6902-72FF-4290-B5FB-6F1F02138B76}.Debug|x86.Build.0 = Debug|Any CPU
		{48DB6902-72FF-4290-B5FB-6F1F02138B76}.Release|Any CPU.ActiveCfg = Release|Any CPU
		{48DB6902-72FF-4290-B5FB-6F1F02138B76}.Release|Any CPU.Build.0 = Release|Any CPU
		{48DB6902-72FF-4290-B5FB-6F1F02138B76}.Release|x64.ActiveCfg = Release|Any CPU
		{48DB6902-72FF-4290-B5FB-6F1F02138B76}.Release|x64.Build.0 = Release|Any CPU
		{48DB6902-72FF-4290-B5FB-6F1F02138B76}.Release|x86.ActiveCfg = Release|Any CPU
		{48DB6902-72FF-4290-B5FB-6F1F02138B76}.Release|x86.Build.0 = Release|Any CPU
		{5D1EB01A-B965-423F-9EA9-05F5FFDA9741}.Debug|Any CPU.ActiveCfg = Debug|Any CPU
		{5D1EB01A-B965-423F-9EA9-05F5FFDA9741}.Debug|Any CPU.Build.0 = Debug|Any CPU
		{5D1EB01A-B965-423F-9EA9-05F5FFDA9741}.Debug|x64.ActiveCfg = Debug|Any CPU
		{5D1EB01A-B965-423F-9EA9-05F5FFDA9741}.Debug|x64.Build.0 = Debug|Any CPU
		{5D1EB01A-B965-423F-9EA9-05F5FFDA9741}.Debug|x86.ActiveCfg = Debug|Any CPU
		{5D1EB01A-B965-423F-9EA9-05F5FFDA9741}.Debug|x86.Build.0 = Debug|Any CPU
		{5D1EB01A-B965-423F-9EA9-05F5FFDA9741}.Release|Any CPU.ActiveCfg = Release|Any CPU
		{5D1EB01A-B965-423F-9EA9-05F5FFDA9741}.Release|Any CPU.Build.0 = Release|Any CPU
		{5D1EB01A-B965-423F-9EA9-05F5FFDA9741}.Release|x64.ActiveCfg = Release|Any CPU
		{5D1EB01A-B965-423F-9EA9-05F5FFDA9741}.Release|x64.Build.0 = Release|Any CPU
		{5D1EB01A-B965-423F-9EA9-05F5FFDA9741}.Release|x86.ActiveCfg = Release|Any CPU
		{5D1EB01A-B965-423F-9EA9-05F5FFDA9741}.Release|x86.Build.0 = Release|Any CPU
	EndGlobalSection
	GlobalSection(SolutionProperties) = preSolution
		HideSolutionNode = FALSE
	EndGlobalSection
EndGlobal
